{
  "originHash" : "157302f14c46582b7e01ec4795dafc03aa1e5a98f5046c4ecc7293cfa4928297",
  "pins" : [
    {
      "identity" : "capacitor-swift-pm",
      "kind" : "remoteSourceControl",
      "location" : "https://github.com/ionic-team/capacitor-swift-pm.git",
      "state" : {
        "revision" : "3fe94bbbe43e63ada75aa6788fc10e3764622a97",
        "version" : "6.2.1"
      }
    }
  ],
  "version" : 3
}
